<Solution>
  <Project Path="WorkMosm.Api/WorkMosm.Api.csproj" />
  <Project Path="WorkMosm.Application/WorkMosm.Application.csproj" />
  <Project Path="WorkMosm.Domain/WorkMosm.Domain.csproj" />
  <Project Path="WorkMosm.Infrastructure/WorkMosm.Infrastructure.csproj" />
  <Project Path="WorkMosM.UnitTests/WorkMosM.UnitTests.csproj" Id="870fd9bb-47ad-4a78-96bb-06e1ad298aa0" DisplayName="WorkMosm.UnitTests" />
</Solution>
